
Microsoft Visual Studio Solution File, Format Version 12.00
# Visual Studio 15
VisualStudioVersion = 15.0.26430.12
MinimumVisualStudioVersion = 10.0.40219.1
Project("{FAE04EC0-301F-11D3-BF4B-00C04F79EFBC}") = "Arrays", "Arrays\Arrays.csproj", "{7125F9B6-B895-4A53-ACD4-1E8CC42104CF}"
EndProject
Project("{FAE04EC0-301F-11D3-BF4B-00C04F79EFBC}") = "UniqueDigits", "UniqueDigits\UniqueDigits.csproj", "{08C0EE31-7B2B-4B5A-9582-5A82BC7B7E74}"
EndProject
Project("{FAE04EC0-301F-11D3-BF4B-00C04F79EFBC}") = "Max2", "Max2\Max2.csproj", "{D92F60FE-89AA-41EE-BBE0-08AEF670E5B2}"
EndProject
Project("{FAE04EC0-301F-11D3-BF4B-00C04F79EFBC}") = "MinMax", "MinMax\MinMax.csproj", "{4264B762-1889-4798-B84B-CA40393C32BB}"
EndProject
Project("{FAE04EC0-301F-11D3-BF4B-00C04F79EFBC}") = "Dedupe", "Dedupe\Dedupe.csproj", "{5B8B9BB2-20E7-4154-A240-4BBE4190C016}"
EndProject
Project("{FAE04EC0-301F-11D3-BF4B-00C04F79EFBC}") = "TicTacToe", "TicTacToe\TicTacToe.csproj", "{00952D8A-23B7-41DC-8DE3-89B7F25231AD}"
EndProject
Global
	GlobalSection(SolutionConfigurationPlatforms) = preSolution
		Debug|Any CPU = Debug|Any CPU
		Release|Any CPU = Release|Any CPU
	EndGlobalSection
	GlobalSection(ProjectConfigurationPlatforms) = postSolution
		{7125F9B6-B895-4A53-ACD4-1E8CC42104CF}.Debug|Any CPU.ActiveCfg = Debug|Any CPU
		{7125F9B6-B895-4A53-ACD4-1E8CC42104CF}.Debug|Any CPU.Build.0 = Debug|Any CPU
		{7125F9B6-B895-4A53-ACD4-1E8CC42104CF}.Release|Any CPU.ActiveCfg = Release|Any CPU
		{7125F9B6-B895-4A53-ACD4-1E8CC42104CF}.Release|Any CPU.Build.0 = Release|Any CPU
		{08C0EE31-7B2B-4B5A-9582-5A82BC7B7E74}.Debug|Any CPU.ActiveCfg = Debug|Any CPU
		{08C0EE31-7B2B-4B5A-9582-5A82BC7B7E74}.Debug|Any CPU.Build.0 = Debug|Any CPU
		{08C0EE31-7B2B-4B5A-9582-5A82BC7B7E74}.Release|Any CPU.ActiveCfg = Release|Any CPU
		{08C0EE31-7B2B-4B5A-9582-5A82BC7B7E74}.Release|Any CPU.Build.0 = Release|Any CPU
		{D92F60FE-89AA-41EE-BBE0-08AEF670E5B2}.Debug|Any CPU.ActiveCfg = Debug|Any CPU
		{D92F60FE-89AA-41EE-BBE0-08AEF670E5B2}.Debug|Any CPU.Build.0 = Debug|Any CPU
		{D92F60FE-89AA-41EE-BBE0-08AEF670E5B2}.Release|Any CPU.ActiveCfg = Release|Any CPU
		{D92F60FE-89AA-41EE-BBE0-08AEF670E5B2}.Release|Any CPU.Build.0 = Release|Any CPU
		{4264B762-1889-4798-B84B-CA40393C32BB}.Debug|Any CPU.ActiveCfg = Debug|Any CPU
		{4264B762-1889-4798-B84B-CA40393C32BB}.Debug|Any CPU.Build.0 = Debug|Any CPU
		{4264B762-1889-4798-B84B-CA40393C32BB}.Release|Any CPU.ActiveCfg = Release|Any CPU
		{4264B762-1889-4798-B84B-CA40393C32BB}.Release|Any CPU.Build.0 = Release|Any CPU
		{5B8B9BB2-20E7-4154-A240-4BBE4190C016}.Debug|Any CPU.ActiveCfg = Debug|Any CPU
		{5B8B9BB2-20E7-4154-A240-4BBE4190C016}.Debug|Any CPU.Build.0 = Debug|Any CPU
		{5B8B9BB2-20E7-4154-A240-4BBE4190C016}.Release|Any CPU.ActiveCfg = Release|Any CPU
		{5B8B9BB2-20E7-4154-A240-4BBE4190C016}.Release|Any CPU.Build.0 = Release|Any CPU
		{00952D8A-23B7-41DC-8DE3-89B7F25231AD}.Debug|Any CPU.ActiveCfg = Debug|Any CPU
		{00952D8A-23B7-41DC-8DE3-89B7F25231AD}.Debug|Any CPU.Build.0 = Debug|Any CPU
		{00952D8A-23B7-41DC-8DE3-89B7F25231AD}.Release|Any CPU.ActiveCfg = Release|Any CPU
		{00952D8A-23B7-41DC-8DE3-89B7F25231AD}.Release|Any CPU.Build.0 = Release|Any CPU
	EndGlobalSection
	GlobalSection(SolutionProperties) = preSolution
		HideSolutionNode = FALSE
	EndGlobalSection
EndGlobal
